
Microsoft Visual Studio Solution File, Format Version 12.00
# Visual Studio Version 17
VisualStudioVersion = 17.11.35312.102
MinimumVisualStudioVersion = 10.0.40219.1
Project("{FAE04EC0-301F-11D3-BF4B-00C04F79EFBC}") = "lec2", "lec2\lec2.csproj", "{251FC829-51C4-42EA-AC0E-7FBA9B9F6EDA}"
EndProject
Global
	GlobalSection(SolutionConfigurationPlatforms) = preSolution
		Debug|Any CPU = Debug|Any CPU
		Release|Any CPU = Release|Any CPU
	EndGlobalSection
	GlobalSection(ProjectConfigurationPlatforms) = postSolution
		{251FC829-51C4-42EA-AC0E-7FBA9B9F6EDA}.Debug|Any CPU.ActiveCfg = Debug|Any CPU
		{251FC829-51C4-42EA-AC0E-7FBA9B9F6EDA}.Debug|Any CPU.Build.0 = Debug|Any CPU
		{251FC829-51C4-42EA-AC0E-7FBA9B9F6EDA}.Release|Any CPU.ActiveCfg = Release|Any CPU
		{251FC829-51C4-42EA-AC0E-7FBA9B9F6EDA}.Release|Any CPU.Build.0 = Release|Any CPU
	EndGlobalSection
	GlobalSection(SolutionProperties) = preSolution
		HideSolutionNode = FALSE
	EndGlobalSection
	GlobalSection(ExtensibilityGlobals) = postSolution
		SolutionGuid = {D498996B-D416-4429-974A-8AE4EFC680E7}
	EndGlobalSection
EndGlobal
